{
  "name": "moonlight-tavern-frontend",
  "version": "1.0.0",
  "lockfileVersion": 3,
  "requires": true,
  "packages": {
    "": {
      "name": "moonlight-tavern-frontend",
      "dependencies": {
        "js-yaml": "^4.3.1"
      },
      "devDependencies": {
        "serve-lite": "^1.6.2"
      }
    },
    "node_modules/argparse": {
      "version": "2.0.1",
      "resolved": "https://registry.npmjs.org/argparse/-/argparse-2.0.1.tgz",
      "integrity": "sha512-8+9WqebbFzpX9OR+Wa6O29asIogeRMzcGtAINdpMHHyAg10f05aSFVBbcEqGf/PXw1EjAZ+q2/bEBg3DvurK3Q==",
      "license": "Python-2.0"
    },
    "node_modules/js-yaml": {
      "version": "4.3.1",
      "resolved": "https://registry.npmjs.org/js-yaml/-/js-yaml-4.3.1.tgz",
      "integrity": "sha512-CY6crGq313MX8GkwvB7tzgp99vjQxY1++5y10/BKN/GUfHqWaOGQMNZkBvqSzsZKWk/ijwHlWzzkLulsGHhjWQ==",
      "funding": [
        {
          "type": "github",
          "url": "https://github.com/sponsors/puzrin"
        },
        {
          "type": "github",
          "url": "https://github.com/sponsors/nodeca"
        }
      ],
      "license": "MIT",
      "dependencies": {
        "argparse": "^2.0.1"
      },
      "bin": {
        "js-yaml": "bin/js-yaml.js"
      }
    },
    "node_modules/serve-lite": {
      "version": "1.6.2",
      "resolved": "https://registry.npmjs.org/serve-lite/-/serve-lite-1.6.2.tgz",
      "integrity": "sha512-EBxa8hwAzo2523ekT+z/xLz38f4CLYnsc+8m/rqlU0vi4c0lq7V+baQ8zxocwZX/SbFqZmjLRG/y0agv6UXY3A==",
      "dev": true,
      "license": "BSD-2-Clause",
      "bin": {
        "serve-lite": "server.js"
      }
    }
  }
}
